{
  "version": 4,
  "terraform_version": "0.12.26",
  "serial": 7,
  "lineage": "56709fab-ee86-7a51-bdf3-c5bede3e24a4",
  "outputs": {
    "kubernetes_cluster_name": {
      "value": "awesome-flash-279002-gke",
      "type": "string"
    },
    "region": {
      "value": "us-west1",
      "type": "string"
    }
  },
  "resources": [
    {
      "mode": "managed",
      "type": "google_compute_network",
      "name": "vpc",
      "provider": "provider.google",
      "instances": [
        {
          "schema_version": 0,
          "attributes": {
            "auto_create_subnetworks": false,
            "delete_default_routes_on_create": false,
            "description": "",
            "gateway_ipv4": "",
            "id": "projects/awesome-flash-279002/global/networks/awesome-flash-279002-vpc",
            "ipv4_range": null,
            "name": "awesome-flash-279002-vpc",
            "project": "awesome-flash-279002",
            "routing_mode": "REGIONAL",
            "self_link": "https://www.googleapis.com/compute/v1/projects/awesome-flash-279002/global/networks/awesome-flash-279002-vpc",
            "timeouts": null
          },
          "private": "eyJlMmJmYjczMC1lY2FhLTExZTYtOGY4OC0zNDM2M2JjN2M0YzAiOnsiY3JlYXRlIjoyNDAwMDAwMDAwMDAsImRlbGV0ZSI6MjQwMDAwMDAwMDAwLCJ1cGRhdGUiOjI0MDAwMDAwMDAwMH19"
        }
      ]
    },
    {
      "mode": "managed",
      "type": "google_compute_subnetwork",
      "name": "subnet",
      "provider": "provider.google",
      "instances": [
        {
          "schema_version": 0,
          "attributes": {
            "creation_timestamp": "2020-05-31T19:43:33.536-07:00",
            "description": "",
            "enable_flow_logs": null,
            "fingerprint": null,
            "gateway_address": "10.10.0.1",
            "id": "projects/awesome-flash-279002/regions/us-west1/subnetworks/awesome-flash-279002-subnet",
            "ip_cidr_range": "10.10.0.0/24",
            "log_config": [],
            "name": "awesome-flash-279002-subnet",
            "network": "https://www.googleapis.com/compute/v1/projects/awesome-flash-279002/global/networks/awesome-flash-279002-vpc",
            "private_ip_google_access": false,
            "project": "awesome-flash-279002",
            "region": "us-west1",
            "secondary_ip_range": [],
            "self_link": "https://www.googleapis.com/compute/v1/projects/awesome-flash-279002/regions/us-west1/subnetworks/awesome-flash-279002-subnet",
            "timeouts": null
          },
          "private": "eyJlMmJmYjczMC1lY2FhLTExZTYtOGY4OC0zNDM2M2JjN2M0YzAiOnsiY3JlYXRlIjozNjAwMDAwMDAwMDAsImRlbGV0ZSI6MzYwMDAwMDAwMDAwLCJ1cGRhdGUiOjM2MDAwMDAwMDAwMH19",
          "dependencies": [
            "google_compute_network.vpc"
          ]
        }
      ]
    },
    {
      "mode": "managed",
      "type": "google_container_cluster",
      "name": "primary",
      "provider": "provider.google",
      "instances": [
        {
          "schema_version": 1,
          "attributes": {
            "additional_zones": [],
            "addons_config": [
              {
                "cloudrun_config": [],
                "horizontal_pod_autoscaling": [],
                "http_load_balancing": [],
                "kubernetes_dashboard": [],
                "network_policy_config": [
                  {
                    "disabled": true
                  }
                ]
              }
            ],
            "authenticator_groups_config": [],
            "cluster_autoscaling": [
              {
                "auto_provisioning_defaults": [],
                "enabled": false,
                "resource_limits": []
              }
            ],
            "cluster_ipv4_cidr": "10.48.0.0/14",
            "default_max_pods_per_node": 110,
            "description": "",
            "enable_binary_authorization": false,
            "enable_intranode_visibility": null,
            "enable_kubernetes_alpha": false,
            "enable_legacy_abac": false,
            "enable_shielded_nodes": false,
            "enable_tpu": null,
            "endpoint": "35.247.110.197",
            "id": "projects/awesome-flash-279002/locations/us-west1/clusters/awesome-flash-279002-gke",
            "initial_node_count": 1,
            "instance_group_urls": [],
            "ip_allocation_policy": [],
            "label_fingerprint": "a9dc16a7",
            "location": "us-west1",
            "logging_service": "logging.googleapis.com/kubernetes",
            "maintenance_policy": [],
            "master_auth": [
              {
                "client_certificate": "",
                "client_certificate_config": [
                  {
                    "issue_client_certificate": false
                  }
                ],
                "client_key": "",
                "cluster_ca_certificate": "LS0tLS1CRUdJTiBDRVJUSUZJQ0FURS0tLS0tCk1JSURERENDQWZTZ0F3SUJBZ0lSQU5BZ2hUUUFXbjc3eVJVUStWVk5ycHd3RFFZSktvWklodmNOQVFFTEJRQXcKTHpFdE1Dc0dBMVVFQXhNa01qbGlNVFEyTWpNdFpHTmxPQzAwWVRSakxXRTNObVV0WkdFMll6TTNaVGczWVRNegpNQjRYRFRJd01EWXdNVEF4TkRZeE1sb1hEVEkxTURVek1UQXlORFl4TWxvd0x6RXRNQ3NHQTFVRUF4TWtNamxpCk1UUTJNak10WkdObE9DMDBZVFJqTFdFM05tVXRaR0UyWXpNM1pUZzNZVE16TUlJQklqQU5CZ2txaGtpRzl3MEIKQVFFRkFBT0NBUThBTUlJQkNnS0NBUUVBM1l4eHdHOU50ZWtTUVhDeFVBYjVIR3hzMXd3czY2eGxKeStFRyt1dApjQlRkRVNkb2F4M2NoZ256SHZSV25xc09EMCtCSVA0UWlVdytyVlVlN3hQUFpqalNrWER1azJ1RTBYK3hub2tHCmVhcjh1Q0VjaVdzVUdiOHpLVGp3NEFJV0RMbEJsODRIOG4xR1FncHFpS3dHeWtFYm1DR2tmQXZJSFk4ZHR1SHcKTXNsOGhKTk9aQk1TYzJwS3E5VVdUZWpPT1ZUc1plc0hPT2g3QlBVL05MTVR3NEFTMG1tclNLRm1yeno1QVdOZgpZK0ttNm9kTlB6b2pVMHFWN2ZkclFSaWJnNjA2RmN3aFd0ZWgzTGtORDdwM21qeWEwVHdaVXNYWVhjYTh1Z0owClVVMFE3dnRmOWlxanlmZTI1UFJIcG1WWHhhbnN3ZjJVZEJUTTZsSXArN1dDN1FJREFRQUJveU13SVRBT0JnTlYKSFE4QkFmOEVCQU1DQWdRd0R3WURWUjBUQVFIL0JBVXdBd0VCL3pBTkJna3Foa2lHOXcwQkFRc0ZBQU9DQVFFQQpEOGpHOVhlUXpzTURlSTV2amVmZjFRNHBzT0JQanJOOHczbVh3ZU1nc1orWE4xK3JoN1JhWmdlQ1NHK0lJbm1BCmxoTU5IUG9XWmtPVDQ4S1gzWUF5b2YzN3cxMzl3U2UvQlhjaTNaY1BxRXZqcFJYUUNNOGNNUlljcnBqSWZGQTAKQ04vSXg2VnVjRkxxRFZWK3Y0cTBnY2hENmRzVjF2OWprZm5NUDNXbmlUQVJPaGgvOU5tbm1SNjczVlovM1VoRgpnT091dUVTc09Tc0NnM0RHSWtPY1h3a3JNWGdkZExEeXlWcWJYSXFBdVcxUUNwRzVRbzl4Q2MvSHBoUEFWT2crCkg2akhkNlJrcWYzQlAzOWtsVG81SzRGL1QyNU8zS3dGeXpJT3RUOXNxUjE2VUROR2FZNXRqSkRUbVBmYkkzMTQKdlFoNlFiU3ZZRzhkK2k3dTBDR2RiUT09Ci0tLS0tRU5EIENFUlRJRklDQVRFLS0tLS0K",
                "password": "",
                "username": ""
              }
            ],
            "master_authorized_networks_config": [],
            "master_version": "1.14.10-gke.36",
            "min_master_version": null,
            "monitoring_service": "monitoring.googleapis.com/kubernetes",
            "name": "awesome-flash-279002-gke",
            "network": "projects/awesome-flash-279002/global/networks/awesome-flash-279002-vpc",
            "network_policy": [
              {
                "enabled": false,
                "provider": "PROVIDER_UNSPECIFIED"
              }
            ],
            "node_config": [],
            "node_locations": [
              "us-west1-a",
              "us-west1-b",
              "us-west1-c"
            ],
            "node_pool": [],
            "node_version": "1.14.10-gke.36",
            "operation": null,
            "pod_security_policy_config": null,
            "private_cluster_config": [],
            "project": "awesome-flash-279002",
            "region": null,
            "remove_default_node_pool": true,
            "resource_labels": null,
            "resource_usage_export_config": [],
            "services_ipv4_cidr": "10.51.240.0/20",
            "subnetwork": "projects/awesome-flash-279002/regions/us-west1/subnetworks/awesome-flash-279002-subnet",
            "timeouts": null,
            "vertical_pod_autoscaling": [],
            "zone": null
          },
          "private": "eyJlMmJmYjczMC1lY2FhLTExZTYtOGY4OC0zNDM2M2JjN2M0YzAiOnsiY3JlYXRlIjoyNDAwMDAwMDAwMDAwLCJkZWxldGUiOjI0MDAwMDAwMDAwMDAsInJlYWQiOjI0MDAwMDAwMDAwMDAsInVwZGF0ZSI6MzYwMDAwMDAwMDAwMH0sInNjaGVtYV92ZXJzaW9uIjoiMSJ9",
          "dependencies": [
            "google_compute_network.vpc",
            "google_compute_subnetwork.subnet"
          ]
        }
      ]
    },
    {
      "mode": "managed",
      "type": "google_container_node_pool",
      "name": "primary_nodes",
      "provider": "provider.google",
      "instances": [
        {
          "status": "tainted",
          "schema_version": 1,
          "attributes": {
            "autoscaling": [],
            "cluster": "awesome-flash-279002-gke",
            "id": "projects/awesome-flash-279002/locations/us-west1/clusters/awesome-flash-279002-gke/nodePools/awesome-flash-279002-gke-node-pool",
            "initial_node_count": null,
            "instance_group_urls": null,
            "location": "us-west1",
            "management": null,
            "max_pods_per_node": null,
            "name": "awesome-flash-279002-gke-node-pool",
            "name_prefix": null,
            "node_config": [
              {
                "disk_size_gb": 0,
                "disk_type": "",
                "guest_accelerator": [],
                "image_type": "",
                "labels": {
                  "env": "awesome-flash-279002"
                },
                "local_ssd_count": 0,
                "machine_type": "n1-standard-1",
                "metadata": {
                  "disable-legacy-endpoints": "true"
                },
                "min_cpu_platform": "",
                "oauth_scopes": [
                  "https://www.googleapis.com/auth/logging.write",
                  "https://www.googleapis.com/auth/monitoring"
                ],
                "preemptible": false,
                "sandbox_config": [],
                "service_account": "",
                "shielded_instance_config": [],
                "tags": [
                  "gke-node",
                  "awesome-flash-279002-gke"
                ],
                "taint": [],
                "workload_metadata_config": []
              }
            ],
            "node_count": 3,
            "node_locations": [],
            "project": null,
            "region": null,
            "timeouts": null,
            "upgrade_settings": null,
            "version": null,
            "zone": null
          },
          "private": "eyJlMmJmYjczMC1lY2FhLTExZTYtOGY4OC0zNDM2M2JjN2M0YzAiOnsiY3JlYXRlIjoxODAwMDAwMDAwMDAwLCJkZWxldGUiOjE4MDAwMDAwMDAwMDAsInVwZGF0ZSI6MTgwMDAwMDAwMDAwMH0sInNjaGVtYV92ZXJzaW9uIjoiMSJ9",
          "dependencies": [
            "google_compute_network.vpc",
            "google_compute_subnetwork.subnet",
            "google_container_cluster.primary"
          ]
        }
      ]
    }
  ]
}
